// !$*UTF8*$!
{
	archiveVersion = 1;
	classes = {
	};
	objectVersion = 46;
	objects = {

/* Begin PBXBuildFile section */
		D448B39E1D6E8EA500F3DF51 /* AppDelegate.swift in Sources */ = {isa = PBXBuildFile; fileRef = D448B39D1D6E8EA500F3DF51 /* AppDelegate.swift */; };
		D448B3A01D6E8EA500F3DF51 /* ViewController.swift in Sources */ = {isa = PBXBuildFile; fileRef = D448B39F1D6E8EA500F3DF51 /* ViewController.swift */; };
		D448B3A31D6E8EA500F3DF51 /* Main.storyboard in Resources */ = {isa = PBXBuildFile; fileRef = D448B3A11D6E8EA500F3DF51 /* Main.storyboard */; };
		D448B3A61D6E8EA500F3DF51 /* LeituraDeBolso.xcdatamodeld in Sources */ = {isa = PBXBuildFile; fileRef = D448B3A41D6E8EA500F3DF51 /* LeituraDeBolso.xcdatamodeld */; };
		D448B3A81D6E8EA500F3DF51 /* Assets.xcassets in Resources */ = {isa = PBXBuildFile; fileRef = D448B3A71D6E8EA500F3DF51 /* Assets.xcassets */; };
		D448B3AB1D6E8EA500F3DF51 /* LaunchScreen.storyboard in Resources */ = {isa = PBXBuildFile; fileRef = D448B3A91D6E8EA500F3DF51 /* LaunchScreen.storyboard */; };
		D448B3B61D6E8EA600F3DF51 /* LeituraDeBolsoTests.swift in Sources */ = {isa = PBXBuildFile; fileRef = D448B3B51D6E8EA600F3DF51 /* LeituraDeBolsoTests.swift */; };
		D448B3C31D6E989900F3DF51 /* Login.storyboard in Resources */ = {isa = PBXBuildFile; fileRef = D448B3C21D6E989900F3DF51 /* Login.storyboard */; };
		D448B3C61D6E9B9400F3DF51 /* RoundedButton.swift in Sources */ = {isa = PBXBuildFile; fileRef = D448B3C51D6E9B9400F3DF51 /* RoundedButton.swift */; };
		D448B3C91D6EA11E00F3DF51 /* UIViewExtension.swift in Sources */ = {isa = PBXBuildFile; fileRef = D448B3C71D6EA11E00F3DF51 /* UIViewExtension.swift */; };
		D448B3CA1D6EA11E00F3DF51 /* TextFieldExtension.swift in Sources */ = {isa = PBXBuildFile; fileRef = D448B3C81D6EA11E00F3DF51 /* TextFieldExtension.swift */; };
/* End PBXBuildFile section */

/* Begin PBXContainerItemProxy section */
		D448B3B21D6E8EA600F3DF51 /* PBXContainerItemProxy */ = {
			isa = PBXContainerItemProxy;
			containerPortal = D448B3921D6E8EA500F3DF51 /* Project object */;
			proxyType = 1;
			remoteGlobalIDString = D448B3991D6E8EA500F3DF51;
			remoteInfo = LeituraDeBolso;
		};
/* End PBXContainerItemProxy section */

/* Begin PBXFileReference section */
		D448B39A1D6E8EA500F3DF51 /* LeituraDeBolso.app */ = {isa = PBXFileReference; explicitFileType = wrapper.application; includeInIndex = 0; path = LeituraDeBolso.app; sourceTree = BUILT_PRODUCTS_DIR; };
		D448B39D1D6E8EA500F3DF51 /* AppDelegate.swift */ = {isa = PBXFileReference; lastKnownFileType = sourcecode.swift; path = AppDelegate.swift; sourceTree = "<group>"; };
		D448B39F1D6E8EA500F3DF51 /* ViewController.swift */ = {isa = PBXFileReference; lastKnownFileType = sourcecode.swift; path = ViewController.swift; sourceTree = "<group>"; };
		D448B3A21D6E8EA500F3DF51 /* Base */ = {isa = PBXFileReference; lastKnownFileType = file.storyboard; name = Base; path = Base.lproj/Main.storyboard; sourceTree = "<group>"; };
		D448B3A51D6E8EA500F3DF51 /* LeituraDeBolso.xcdatamodel */ = {isa = PBXFileReference; lastKnownFileType = wrapper.xcdatamodel; path = LeituraDeBolso.xcdatamodel; sourceTree = "<group>"; };
		D448B3A71D6E8EA500F3DF51 /* Assets.xcassets */ = {isa = PBXFileReference; lastKnownFileType = folder.assetcatalog; path = Assets.xcassets; sourceTree = "<group>"; };
		D448B3AA1D6E8EA500F3DF51 /* Base */ = {isa = PBXFileReference; lastKnownFileType = file.storyboard; name = Base; path = Base.lproj/LaunchScreen.storyboard; sourceTree = "<group>"; };
		D448B3AC1D6E8EA500F3DF51 /* Info.plist */ = {isa = PBXFileReference; lastKnownFileType = text.plist.xml; path = Info.plist; sourceTree = "<group>"; };
		D448B3B11D6E8EA600F3DF51 /* LeituraDeBolsoTests.xctest */ = {isa = PBXFileReference; explicitFileType = wrapper.cfbundle; includeInIndex = 0; path = LeituraDeBolsoTests.xctest; sourceTree = BUILT_PRODUCTS_DIR; };
		D448B3B51D6E8EA600F3DF51 /* LeituraDeBolsoTests.swift */ = {isa = PBXFileReference; lastKnownFileType = sourcecode.swift; path = LeituraDeBolsoTests.swift; sourceTree = "<group>"; };
		D448B3B71D6E8EA600F3DF51 /* Info.plist */ = {isa = PBXFileReference; lastKnownFileType = text.plist.xml; path = Info.plist; sourceTree = "<group>"; };
		D448B3C21D6E989900F3DF51 /* Login.storyboard */ = {isa = PBXFileReference; fileEncoding = 4; lastKnownFileType = file.storyboard; path = Login.storyboard; sourceTree = "<group>"; };
		D448B3C51D6E9B9400F3DF51 /* RoundedButton.swift */ = {isa = PBXFileReference; fileEncoding = 4; lastKnownFileType = sourcecode.swift; path = RoundedButton.swift; sourceTree = "<group>"; };
		D448B3C71D6EA11E00F3DF51 /* UIViewExtension.swift */ = {isa = PBXFileReference; fileEncoding = 4; lastKnownFileType = sourcecode.swift; path = UIViewExtension.swift; sourceTree = "<group>"; };
		D448B3C81D6EA11E00F3DF51 /* TextFieldExtension.swift */ = {isa = PBXFileReference; fileEncoding = 4; lastKnownFileType = sourcecode.swift; path = TextFieldExtension.swift; sourceTree = "<group>"; };
/* End PBXFileReference section */

/* Begin PBXFrameworksBuildPhase section */
		D448B3971D6E8EA500F3DF51 /* Frameworks */ = {
			isa = PBXFrameworksBuildPhase;
			buildActionMask = 2147483647;
			files = (
			);
			runOnlyForDeploymentPostprocessing = 0;
		};
		D448B3AE1D6E8EA600F3DF51 /* Frameworks */ = {
			isa = PBXFrameworksBuildPhase;
			buildActionMask = 2147483647;
			files = (
			);
			runOnlyForDeploymentPostprocessing = 0;
		};
/* End PBXFrameworksBuildPhase section */

/* Begin PBXGroup section */
		D448B3911D6E8EA500F3DF51 = {
			isa = PBXGroup;
			children = (
				D448B39C1D6E8EA500F3DF51 /* LeituraDeBolso */,
				D448B3B41D6E8EA600F3DF51 /* LeituraDeBolsoTests */,
				D448B39B1D6E8EA500F3DF51 /* Products */,
			);
			sourceTree = "<group>";
		};
		D448B39B1D6E8EA500F3DF51 /* Products */ = {
			isa = PBXGroup;
			children = (
				D448B39A1D6E8EA500F3DF51 /* LeituraDeBolso.app */,
				D448B3B11D6E8EA600F3DF51 /* LeituraDeBolsoTests.xctest */,
			);
			name = Products;
			sourceTree = "<group>";
		};
		D448B39C1D6E8EA500F3DF51 /* LeituraDeBolso */ = {
			isa = PBXGroup;
			children = (
				D448B3C41D6E9B6800F3DF51 /* Extensions */,
				D448B3C01D6E988100F3DF51 /* Login */,
				D448B39D1D6E8EA500F3DF51 /* AppDelegate.swift */,
				D448B39F1D6E8EA500F3DF51 /* ViewController.swift */,
				D448B3A11D6E8EA500F3DF51 /* Main.storyboard */,
				D448B3A71D6E8EA500F3DF51 /* Assets.xcassets */,
				D448B3A91D6E8EA500F3DF51 /* LaunchScreen.storyboard */,
				D448B3AC1D6E8EA500F3DF51 /* Info.plist */,
				D448B3A41D6E8EA500F3DF51 /* LeituraDeBolso.xcdatamodeld */,
			);
			path = LeituraDeBolso;
			sourceTree = "<group>";
		};
		D448B3B41D6E8EA600F3DF51 /* LeituraDeBolsoTests */ = {
			isa = PBXGroup;
			children = (
				D448B3B51D6E8EA600F3DF51 /* LeituraDeBolsoTests.swift */,
				D448B3B71D6E8EA600F3DF51 /* Info.plist */,
			);
			path = LeituraDeBolsoTests;
			sourceTree = "<group>";
		};
		D448B3C01D6E988100F3DF51 /* Login */ = {
			isa = PBXGroup;
			children = (
				D448B3C11D6E988900F3DF51 /* View */,
			);
			name = Login;
			sourceTree = "<group>";
		};
		D448B3C11D6E988900F3DF51 /* View */ = {
			isa = PBXGroup;
			children = (
				D448B3C21D6E989900F3DF51 /* Login.storyboard */,
			);
			name = View;
			sourceTree = "<group>";
		};
		D448B3C41D6E9B6800F3DF51 /* Extensions */ = {
			isa = PBXGroup;
			children = (
				D448B3C51D6E9B9400F3DF51 /* RoundedButton.swift */,
				D448B3C71D6EA11E00F3DF51 /* UIViewExtension.swift */,
				D448B3C81D6EA11E00F3DF51 /* TextFieldExtension.swift */,
			);
			name = Extensions;
			sourceTree = "<group>";
		};
/* End PBXGroup section */

/* Begin PBXNativeTarget section */
		D448B3991D6E8EA500F3DF51 /* LeituraDeBolso */ = {
			isa = PBXNativeTarget;
			buildConfigurationList = D448B3BA1D6E8EA600F3DF51 /* Build configuration list for PBXNativeTarget "LeituraDeBolso" */;
			buildPhases = (
				D448B3961D6E8EA500F3DF51 /* Sources */,
				D448B3971D6E8EA500F3DF51 /* Frameworks */,
				D448B3981D6E8EA500F3DF51 /* Resources */,
			);
			buildRules = (
			);
			dependencies = (
			);
			name = LeituraDeBolso;
			productName = LeituraDeBolso;
			productReference = D448B39A1D6E8EA500F3DF51 /* LeituraDeBolso.app */;
			productType = "com.apple.product-type.application";
		};
		D448B3B01D6E8EA600F3DF51 /* LeituraDeBolsoTests */ = {
			isa = PBXNativeTarget;
			buildConfigurationList = D448B3BD1D6E8EA600F3DF51 /* Build configuration list for PBXNativeTarget "LeituraDeBolsoTests" */;
			buildPhases = (
				D448B3AD1D6E8EA600F3DF51 /* Sources */,
				D448B3AE1D6E8EA600F3DF51 /* Frameworks */,
				D448B3AF1D6E8EA600F3DF51 /* Resources */,
			);
			buildRules = (
			);
			dependencies = (
				D448B3B31D6E8EA600F3DF51 /* PBXTargetDependency */,
			);
			name = LeituraDeBolsoTests;
			productName = LeituraDeBolsoTests;
			productReference = D448B3B11D6E8EA600F3DF51 /* LeituraDeBolsoTests.xctest */;
			productType = "com.apple.product-type.bundle.unit-test";
		};
/* End PBXNativeTarget section */

/* Begin PBXProject section */
		D448B3921D6E8EA500F3DF51 /* Project object */ = {
			isa = PBXProject;
			attributes = {
				LastSwiftUpdateCheck = 0730;
				LastUpgradeCheck = 0730;
				ORGANIZATIONNAME = Lab262;
				TargetAttributes = {
					D448B3991D6E8EA500F3DF51 = {
						CreatedOnToolsVersion = 7.3.1;
					};
					D448B3B01D6E8EA600F3DF51 = {
						CreatedOnToolsVersion = 7.3.1;
						TestTargetID = D448B3991D6E8EA500F3DF51;
					};
				};
			};
			buildConfigurationList = D448B3951D6E8EA500F3DF51 /* Build configuration list for PBXProject "LeituraDeBolso" */;
			compatibilityVersion = "Xcode 3.2";
			developmentRegion = English;
			hasScannedForEncodings = 0;
			knownRegions = (
				en,
				Base,
			);
			mainGroup = D448B3911D6E8EA500F3DF51;
			productRefGroup = D448B39B1D6E8EA500F3DF51 /* Products */;
			projectDirPath = "";
			projectRoot = "";
			targets = (
				D448B3991D6E8EA500F3DF51 /* LeituraDeBolso */,
				D448B3B01D6E8EA600F3DF51 /* LeituraDeBolsoTests */,
			);
		};
/* End PBXProject section */

/* Begin PBXResourcesBuildPhase section */
		D448B3981D6E8EA500F3DF51 /* Resources */ = {
			isa = PBXResourcesBuildPhase;
			buildActionMask = 2147483647;
			files = (
				D448B3C31D6E989900F3DF51 /* Login.storyboard in Resources */,
				D448B3AB1D6E8EA500F3DF51 /* LaunchScreen.storyboard in Resources */,
				D448B3A81D6E8EA500F3DF51 /* Assets.xcassets in Resources */,
				D448B3A31D6E8EA500F3DF51 /* Main.storyboard in Resources */,
			);
			runOnlyForDeploymentPostprocessing = 0;
		};
		D448B3AF1D6E8EA600F3DF51 /* Resources */ = {
			isa = PBXResourcesBuildPhase;
			buildActionMask = 2147483647;
			files = (
			);
			runOnlyForDeploymentPostprocessing = 0;
		};
/* End PBXResourcesBuildPhase section */

/* Begin PBXSourcesBuildPhase section */
		D448B3961D6E8EA500F3DF51 /* Sources */ = {
			isa = PBXSourcesBuildPhase;
			buildActionMask = 2147483647;
			files = (
				D448B3C91D6EA11E00F3DF51 /* UIViewExtension.swift in Sources */,
				D448B3A61D6E8EA500F3DF51 /* LeituraDeBolso.xcdatamodeld in Sources */,
				D448B3A01D6E8EA500F3DF51 /* ViewController.swift in Sources */,
				D448B3CA1D6EA11E00F3DF51 /* TextFieldExtension.swift in Sources */,
				D448B39E1D6E8EA500F3DF51 /* AppDelegate.swift in Sources */,
				D448B3C61D6E9B9400F3DF51 /* RoundedButton.swift in Sources */,
			);
			runOnlyForDeploymentPostprocessing = 0;
		};
		D448B3AD1D6E8EA600F3DF51 /* Sources */ = {
			isa = PBXSourcesBuildPhase;
			buildActionMask = 2147483647;
			files = (
				D448B3B61D6E8EA600F3DF51 /* LeituraDeBolsoTests.swift in Sources */,
			);
			runOnlyForDeploymentPostprocessing = 0;
		};
/* End PBXSourcesBuildPhase section */

/* Begin PBXTargetDependency section */
		D448B3B31D6E8EA600F3DF51 /* PBXTargetDependency */ = {
			isa = PBXTargetDependency;
			target = D448B3991D6E8EA500F3DF51 /* LeituraDeBolso */;
			targetProxy = D448B3B21D6E8EA600F3DF51 /* PBXContainerItemProxy */;
		};
/* End PBXTargetDependency section */

/* Begin PBXVariantGroup section */
		D448B3A11D6E8EA500F3DF51 /* Main.storyboard */ = {
			isa = PBXVariantGroup;
			children = (
				D448B3A21D6E8EA500F3DF51 /* Base */,
			);
			name = Main.storyboard;
			sourceTree = "<group>";
		};
		D448B3A91D6E8EA500F3DF51 /* LaunchScreen.storyboard */ = {
			isa = PBXVariantGroup;
			children = (
				D448B3AA1D6E8EA500F3DF51 /* Base */,
			);
			name = LaunchScreen.storyboard;
			sourceTree = "<group>";
		};
/* End PBXVariantGroup section */

/* Begin XCBuildConfiguration section */
		D448B3B81D6E8EA600F3DF51 /* Debug */ = {
			isa = XCBuildConfiguration;
			buildSettings = {
				ALWAYS_SEARCH_USER_PATHS = NO;
				CLANG_ANALYZER_NONNULL = YES;
				CLANG_CXX_LANGUAGE_STANDARD = "gnu++0x";
				CLANG_CXX_LIBRARY = "libc++";
				CLANG_ENABLE_MODULES = YES;
				CLANG_ENABLE_OBJC_ARC = YES;
				CLANG_WARN_BOOL_CONVERSION = YES;
				CLANG_WARN_CONSTANT_CONVERSION = YES;
				CLANG_WARN_DIRECT_OBJC_ISA_USAGE = YES_ERROR;
				CLANG_WARN_EMPTY_BODY = YES;
				CLANG_WARN_ENUM_CONVERSION = YES;
				CLANG_WARN_INT_CONVERSION = YES;
				CLANG_WARN_OBJC_ROOT_CLASS = YES_ERROR;
				CLANG_WARN_UNREACHABLE_CODE = YES;
				CLANG_WARN__DUPLICATE_METHOD_MATCH = YES;
				"CODE_SIGN_IDENTITY[sdk=iphoneos*]" = "iPhone Developer";
				COPY_PHASE_STRIP = NO;
				DEBUG_INFORMATION_FORMAT = dwarf;
				ENABLE_STRICT_OBJC_MSGSEND = YES;
				ENABLE_TESTABILITY = YES;
				GCC_C_LANGUAGE_STANDARD = gnu99;
				GCC_DYNAMIC_NO_PIC = NO;
				GCC_NO_COMMON_BLOCKS = YES;
				GCC_OPTIMIZATION_LEVEL = 0;
				GCC_PREPROCESSOR_DEFINITIONS = (
					"DEBUG=1",
					"$(inherited)",
				);
				GCC_WARN_64_TO_32_BIT_CONVERSION = YES;
				GCC_WARN_ABOUT_RETURN_TYPE = YES_ERROR;
				GCC_WARN_UNDECLARED_SELECTOR = YES;
				GCC_WARN_UNINITIALIZED_AUTOS = YES_AGGRESSIVE;
				GCC_WARN_UNUSED_FUNCTION = YES;
				GCC_WARN_UNUSED_VARIABLE = YES;
				IPHONEOS_DEPLOYMENT_TARGET = 9.3;
				MTL_ENABLE_DEBUG_INFO = YES;
				ONLY_ACTIVE_ARCH = YES;
				SDKROOT = iphoneos;
				SWIFT_OPTIMIZATION_LEVEL = "-Onone";
				TARGETED_DEVICE_FAMILY = "1,2";
			};
			name = Debug;
		};
		D448B3B91D6E8EA600F3DF51 /* Release */ = {
			isa = XCBuildConfiguration;
			buildSettings = {
				ALWAYS_SEARCH_USER_PATHS = NO;
				CLANG_ANALYZER_NONNULL = YES;
				CLANG_CXX_LANGUAGE_STANDARD = "gnu++0x";
				CLANG_CXX_LIBRARY = "libc++";
				CLANG_ENABLE_MODULES = YES;
				CLANG_ENABLE_OBJC_ARC = YES;
				CLANG_WARN_BOOL_CONVERSION = YES;
				CLANG_WARN_CONSTANT_CONVERSION = YES;
				CLANG_WARN_DIRECT_OBJC_ISA_USAGE = YES_ERROR;
				CLANG_WARN_EMPTY_BODY = YES;
				CLANG_WARN_ENUM_CONVERSION = YES;
				CLANG_WARN_INT_CONVERSION = YES;
				CLANG_WARN_OBJC_ROOT_CLASS = YES_ERROR;
				CLANG_WARN_UNREACHABLE_CODE = YES;
				CLANG_WARN__DUPLICATE_METHOD_MATCH = YES;
				"CODE_SIGN_IDENTITY[sdk=iphoneos*]" = "iPhone Developer";
				COPY_PHASE_STRIP = NO;
				DEBUG_INFORMATION_FORMAT = "dwarf-with-dsym";
				ENABLE_NS_ASSERTIONS = NO;
				ENABLE_STRICT_OBJC_MSGSEND = YES;
				GCC_C_LANGUAGE_STANDARD = gnu99;
				GCC_NO_COMMON_BLOCKS = YES;
				GCC_WARN_64_TO_32_BIT_CONVERSION = YES;
				GCC_WARN_ABOUT_RETURN_TYPE = YES_ERROR;
				GCC_WARN_UNDECLARED_SELECTOR = YES;
				GCC_WARN_UNINITIALIZED_AUTOS = YES_AGGRESSIVE;
				GCC_WARN_UNUSED_FUNCTION = YES;
				GCC_WARN_UNUSED_VARIABLE = YES;
				IPHONEOS_DEPLOYMENT_TARGET = 9.3;
				MTL_ENABLE_DEBUG_INFO = NO;
				SDKROOT = iphoneos;
				TARGETED_DEVICE_FAMILY = "1,2";
				VALIDATE_PRODUCT = YES;
			};
			name = Release;
		};
		D448B3BB1D6E8EA600F3DF51 /* Debug */ = {
			isa = XCBuildConfiguration;
			buildSettings = {
				ASSETCATALOG_COMPILER_APPICON_NAME = AppIcon;
				INFOPLIST_FILE = LeituraDeBolso/Info.plist;
				LD_RUNPATH_SEARCH_PATHS = "$(inherited) @executable_path/Frameworks";
				PRODUCT_BUNDLE_IDENTIFIER = Lab262.LeituraDeBolso;
				PRODUCT_NAME = "$(TARGET_NAME)";
			};
			name = Debug;
		};
		D448B3BC1D6E8EA600F3DF51 /* Release */ = {
			isa = XCBuildConfiguration;
			buildSettings = {
				ASSETCATALOG_COMPILER_APPICON_NAME = AppIcon;
				INFOPLIST_FILE = LeituraDeBolso/Info.plist;
				LD_RUNPATH_SEARCH_PATHS = "$(inherited) @executable_path/Frameworks";
				PRODUCT_BUNDLE_IDENTIFIER = Lab262.LeituraDeBolso;
				PRODUCT_NAME = "$(TARGET_NAME)";
			};
			name = Release;
		};
		D448B3BE1D6E8EA600F3DF51 /* Debug */ = {
			isa = XCBuildConfiguration;
			buildSettings = {
				BUNDLE_LOADER = "$(TEST_HOST)";
				INFOPLIST_FILE = LeituraDeBolsoTests/Info.plist;
				LD_RUNPATH_SEARCH_PATHS = "$(inherited) @executable_path/Frameworks @loader_path/Frameworks";
				PRODUCT_BUNDLE_IDENTIFIER = Lab262.LeituraDeBolsoTests;
				PRODUCT_NAME = "$(TARGET_NAME)";
				TEST_HOST = "$(BUILT_PRODUCTS_DIR)/LeituraDeBolso.app/LeituraDeBolso";
			};
			name = Debug;
		};
		D448B3BF1D6E8EA600F3DF51 /* Release */ = {
			isa = XCBuildConfiguration;
			buildSettings = {
				BUNDLE_LOADER = "$(TEST_HOST)";
				INFOPLIST_FILE = LeituraDeBolsoTests/Info.plist;
				LD_RUNPATH_SEARCH_PATHS = "$(inherited) @executable_path/Frameworks @loader_path/Frameworks";
				PRODUCT_BUNDLE_IDENTIFIER = Lab262.LeituraDeBolsoTests;
				PRODUCT_NAME = "$(TARGET_NAME)";
				TEST_HOST = "$(BUILT_PRODUCTS_DIR)/LeituraDeBolso.app/LeituraDeBolso";
			};
			name = Release;
		};
/* End XCBuildConfiguration section */

/* Begin XCConfigurationList section */
		D448B3951D6E8EA500F3DF51 /* Build configuration list for PBXProject "LeituraDeBolso" */ = {
			isa = XCConfigurationList;
			buildConfigurations = (
				D448B3B81D6E8EA600F3DF51 /* Debug */,
				D448B3B91D6E8EA600F3DF51 /* Release */,
			);
			defaultConfigurationIsVisible = 0;
			defaultConfigurationName = Release;
		};
		D448B3BA1D6E8EA600F3DF51 /* Build configuration list for PBXNativeTarget "LeituraDeBolso" */ = {
			isa = XCConfigurationList;
			buildConfigurations = (
				D448B3BB1D6E8EA600F3DF51 /* Debug */,
				D448B3BC1D6E8EA600F3DF51 /* Release */,
			);
			defaultConfigurationIsVisible = 0;
			defaultConfigurationName = Release;
		};
		D448B3BD1D6E8EA600F3DF51 /* Build configuration list for PBXNativeTarget "LeituraDeBolsoTests" */ = {
			isa = XCConfigurationList;
			buildConfigurations = (
				D448B3BE1D6E8EA600F3DF51 /* Debug */,
				D448B3BF1D6E8EA600F3DF51 /* Release */,
			);
			defaultConfigurationIsVisible = 0;
			defaultConfigurationName = Release;
		};
/* End XCConfigurationList section */

/* Begin XCVersionGroup section */
		D448B3A41D6E8EA500F3DF51 /* LeituraDeBolso.xcdatamodeld */ = {
			isa = XCVersionGroup;
			children = (
				D448B3A51D6E8EA500F3DF51 /* LeituraDeBolso.xcdatamodel */,
			);
			currentVersion = D448B3A51D6E8EA500F3DF51 /* LeituraDeBolso.xcdatamodel */;
			path = LeituraDeBolso.xcdatamodeld;
			sourceTree = "<group>";
			versionGroupType = wrapper.xcdatamodel;
		};
/* End XCVersionGroup section */
	};
	rootObject = D448B3921D6E8EA500F3DF51 /* Project object */;
}
